
Microsoft Visual Studio Solution File, Format Version 12.00
# Visual Studio Version 17
VisualStudioVersion = 17.14.36915.13 d17.14
MinimumVisualStudioVersion = 10.0.40219.1
Project("{FAE04EC0-301F-11D3-BF4B-00C04F79EFBC}") = "OodEvenNumberApp", "OodEvenNumberApp.csproj", "{FCE9BA08-E074-F2C1-7840-6CD5AB57905E}"
EndProject
Global
	GlobalSection(SolutionConfigurationPlatforms) = preSolution
		Debug|Any CPU = Debug|Any CPU
		Release|Any CPU = Release|Any CPU
	EndGlobalSection
	GlobalSection(ProjectConfigurationPlatforms) = postSolution
		{FCE9BA08-E074-F2C1-7840-6CD5AB57905E}.Debug|Any CPU.ActiveCfg = Debug|Any CPU
		{FCE9BA08-E074-F2C1-7840-6CD5AB57905E}.Debug|Any CPU.Build.0 = Debug|Any CPU
		{FCE9BA08-E074-F2C1-7840-6CD5AB57905E}.Release|Any CPU.ActiveCfg = Release|Any CPU
		{FCE9BA08-E074-F2C1-7840-6CD5AB57905E}.Release|Any CPU.Build.0 = Release|Any CPU
	EndGlobalSection
	GlobalSection(SolutionProperties) = preSolution
		HideSolutionNode = FALSE
	EndGlobalSection
	GlobalSection(ExtensibilityGlobals) = postSolution
		SolutionGuid = {2BB3FB17-D533-4E2E-9876-7236C1A3ED3D}
	EndGlobalSection
EndGlobal
